
Microsoft Visual Studio Solution File, Format Version 12.00
# Visual Studio 15
VisualStudioVersion = 15.0.28010.2048
MinimumVisualStudioVersion = 10.0.40219.1
Project("{9A19103F-16F7-4668-BE54-9A1E7A4F7556}") = "RedisApplicationTemplate", "RedisApplicationTemplate\RedisApplicationTemplate.csproj", "{07F3EB2C-0F01-458A-A34F-A90092ADA49F}"
EndProject
Project("{FAE04EC0-301F-11D3-BF4B-00C04F79EFBC}") = "CodeCampCacheLib", "CodeCampCacheLib\CodeCampCacheLib.csproj", "{F3578940-163B-4415-B378-C46D490DA676}"
EndProject
Project("{9A19103F-16F7-4668-BE54-9A1E7A4F7556}") = "LibFibonacci", "FibonacciCalc\LibFibonacci.csproj", "{6EA44F54-EF17-432D-8D3E-F625F852A460}"
EndProject
Global
	GlobalSection(SolutionConfigurationPlatforms) = preSolution
		Debug|Any CPU = Debug|Any CPU
		Release|Any CPU = Release|Any CPU
	EndGlobalSection
	GlobalSection(ProjectConfigurationPlatforms) = postSolution
		{07F3EB2C-0F01-458A-A34F-A90092ADA49F}.Debug|Any CPU.ActiveCfg = Debug|Any CPU
		{07F3EB2C-0F01-458A-A34F-A90092ADA49F}.Debug|Any CPU.Build.0 = Debug|Any CPU
		{07F3EB2C-0F01-458A-A34F-A90092ADA49F}.Release|Any CPU.ActiveCfg = Release|Any CPU
		{07F3EB2C-0F01-458A-A34F-A90092ADA49F}.Release|Any CPU.Build.0 = Release|Any CPU
		{F3578940-163B-4415-B378-C46D490DA676}.Debug|Any CPU.ActiveCfg = Debug|Any CPU
		{F3578940-163B-4415-B378-C46D490DA676}.Debug|Any CPU.Build.0 = Debug|Any CPU
		{F3578940-163B-4415-B378-C46D490DA676}.Release|Any CPU.ActiveCfg = Release|Any CPU
		{F3578940-163B-4415-B378-C46D490DA676}.Release|Any CPU.Build.0 = Release|Any CPU
		{6EA44F54-EF17-432D-8D3E-F625F852A460}.Debug|Any CPU.ActiveCfg = Debug|Any CPU
		{6EA44F54-EF17-432D-8D3E-F625F852A460}.Debug|Any CPU.Build.0 = Debug|Any CPU
		{6EA44F54-EF17-432D-8D3E-F625F852A460}.Release|Any CPU.ActiveCfg = Release|Any CPU
		{6EA44F54-EF17-432D-8D3E-F625F852A460}.Release|Any CPU.Build.0 = Release|Any CPU
	EndGlobalSection
	GlobalSection(SolutionProperties) = preSolution
		HideSolutionNode = FALSE
	EndGlobalSection
	GlobalSection(ExtensibilityGlobals) = postSolution
		SolutionGuid = {A5A1CDB2-2139-43D9-84E0-508DD08C6B29}
	EndGlobalSection
EndGlobal
