
Microsoft Visual Studio Solution File, Format Version 12.00
# Visual Studio 15
VisualStudioVersion = 15.0.28010.2048
MinimumVisualStudioVersion = 10.0.40219.1
Project("{FAE04EC0-301F-11D3-BF4B-00C04F79EFBC}") = "LibFibonacci", "..\LibFibonacci\LibFibonacci.csproj", "{42138EA8-D6CC-4CEF-BA1C-CC9B0D3A68E2}"
EndProject
Project("{FAE04EC0-301F-11D3-BF4B-00C04F79EFBC}") = "LibFibonacciTest", "LibFibonacciTest\LibFibonacciTest.csproj", "{5DE56ED7-7638-443F-BC61-2818B7EFC3FB}"
EndProject
Global
	GlobalSection(SolutionConfigurationPlatforms) = preSolution
		Debug|Any CPU = Debug|Any CPU
		Release|Any CPU = Release|Any CPU
	EndGlobalSection
	GlobalSection(ProjectConfigurationPlatforms) = postSolution
		{42138EA8-D6CC-4CEF-BA1C-CC9B0D3A68E2}.Debug|Any CPU.ActiveCfg = Debug|Any CPU
		{42138EA8-D6CC-4CEF-BA1C-CC9B0D3A68E2}.Debug|Any CPU.Build.0 = Debug|Any CPU
		{42138EA8-D6CC-4CEF-BA1C-CC9B0D3A68E2}.Release|Any CPU.ActiveCfg = Release|Any CPU
		{42138EA8-D6CC-4CEF-BA1C-CC9B0D3A68E2}.Release|Any CPU.Build.0 = Release|Any CPU
		{5DE56ED7-7638-443F-BC61-2818B7EFC3FB}.Debug|Any CPU.ActiveCfg = Debug|Any CPU
		{5DE56ED7-7638-443F-BC61-2818B7EFC3FB}.Debug|Any CPU.Build.0 = Debug|Any CPU
		{5DE56ED7-7638-443F-BC61-2818B7EFC3FB}.Release|Any CPU.ActiveCfg = Release|Any CPU
		{5DE56ED7-7638-443F-BC61-2818B7EFC3FB}.Release|Any CPU.Build.0 = Release|Any CPU
	EndGlobalSection
	GlobalSection(SolutionProperties) = preSolution
		HideSolutionNode = FALSE
	EndGlobalSection
	GlobalSection(ExtensibilityGlobals) = postSolution
		SolutionGuid = {01D08DB6-5544-4754-A814-D72C75AABD46}
	EndGlobalSection
EndGlobal
